
Microsoft Visual Studio Solution File, Format Version 12.00
# Visual Studio Version 17
VisualStudioVersion = 17.9.34723.18
MinimumVisualStudioVersion = 10.0.40219.1
Project("{FAE04EC0-301F-11D3-BF4B-00C04F79EFBC}") = "Cv-webapp", "Cv-webapp.csproj", "{4B2DD016-C6E0-4B7E-8C84-0E3E99C88267}"
EndProject
Global
	GlobalSection(SolutionConfigurationPlatforms) = preSolution
		Debug|Any CPU = Debug|Any CPU
		Release|Any CPU = Release|Any CPU
	EndGlobalSection
	GlobalSection(ProjectConfigurationPlatforms) = postSolution
		{4B2DD016-C6E0-4B7E-8C84-0E3E99C88267}.Debug|Any CPU.ActiveCfg = Debug|Any CPU
		{4B2DD016-C6E0-4B7E-8C84-0E3E99C88267}.Debug|Any CPU.Build.0 = Debug|Any CPU
		{4B2DD016-C6E0-4B7E-8C84-0E3E99C88267}.Release|Any CPU.ActiveCfg = Release|Any CPU
		{4B2DD016-C6E0-4B7E-8C84-0E3E99C88267}.Release|Any CPU.Build.0 = Release|Any CPU
	EndGlobalSection
	GlobalSection(SolutionProperties) = preSolution
		HideSolutionNode = FALSE
	EndGlobalSection
	GlobalSection(ExtensibilityGlobals) = postSolution
		SolutionGuid = {12800974-D5C8-417D-8952-8819C4301A7A}
	EndGlobalSection
EndGlobal
